
Microsoft Visual Studio Solution File, Format Version 12.00
# Visual Studio Version 16
VisualStudioVersion = 16.0.33801.447
MinimumVisualStudioVersion = 10.0.40219.1
Project("{8BC9CEB8-8B4A-11D0-8D11-00A0C91BC942}") = "Trgovina kadar", "Trgovina kadar\Trgovina kadar.vcxproj", "{FE30475F-D0C6-4595-B2A9-E527133624A8}"
EndProject
Global
	GlobalSection(SolutionConfigurationPlatforms) = preSolution
		Debug|x64 = Debug|x64
		Debug|x86 = Debug|x86
		Release|x64 = Release|x64
		Release|x86 = Release|x86
	EndGlobalSection
	GlobalSection(ProjectConfigurationPlatforms) = postSolution
		{FE30475F-D0C6-4595-B2A9-E527133624A8}.Debug|x64.ActiveCfg = Debug|x64
		{FE30475F-D0C6-4595-B2A9-E527133624A8}.Debug|x64.Build.0 = Debug|x64
		{FE30475F-D0C6-4595-B2A9-E527133624A8}.Debug|x86.ActiveCfg = Debug|Win32
		{FE30475F-D0C6-4595-B2A9-E527133624A8}.Debug|x86.Build.0 = Debug|Win32
		{FE30475F-D0C6-4595-B2A9-E527133624A8}.Release|x64.ActiveCfg = Release|x64
		{FE30475F-D0C6-4595-B2A9-E527133624A8}.Release|x64.Build.0 = Release|x64
		{FE30475F-D0C6-4595-B2A9-E527133624A8}.Release|x86.ActiveCfg = Release|Win32
		{FE30475F-D0C6-4595-B2A9-E527133624A8}.Release|x86.Build.0 = Release|Win32
	EndGlobalSection
	GlobalSection(SolutionProperties) = preSolution
		HideSolutionNode = FALSE
	EndGlobalSection
	GlobalSection(ExtensibilityGlobals) = postSolution
		SolutionGuid = {67AA55B7-AF53-43B2-AEA8-CCF672F30D20}
	EndGlobalSection
EndGlobal
